
Microsoft Visual Studio Solution File, Format Version 12.00
# Visual Studio Version 16
VisualStudioVersion = 16.0.29519.87
MinimumVisualStudioVersion = 10.0.40219.1
Project("{8BC9CEB8-8B4A-11D0-8D11-00A0C91BC942}") = "ArkadiuszCarzynskiLab5", "ArkadiuszCarzynskiLab5\ArkadiuszCarzynskiLab5.vcxproj", "{4CB87B54-6812-4C2E-8BFC-424F1A908E98}"
EndProject
Project("{2150E333-8FDC-42A3-9474-1A3956D46DE8}") = "Solution Items", "Solution Items", "{711FF253-5CC1-4076-8AD2-D5248167A23A}"
	ProjectSection(SolutionItems) = preProject
		index.html = index.html
		StyleSheet1.css = StyleSheet1.css
	EndProjectSection
EndProject
Global
	GlobalSection(SolutionConfigurationPlatforms) = preSolution
		Debug|x64 = Debug|x64
		Debug|x86 = Debug|x86
		Release|x64 = Release|x64
		Release|x86 = Release|x86
	EndGlobalSection
	GlobalSection(ProjectConfigurationPlatforms) = postSolution
		{4CB87B54-6812-4C2E-8BFC-424F1A908E98}.Debug|x64.ActiveCfg = Debug|x64
		{4CB87B54-6812-4C2E-8BFC-424F1A908E98}.Debug|x64.Build.0 = Debug|x64
		{4CB87B54-6812-4C2E-8BFC-424F1A908E98}.Debug|x86.ActiveCfg = Debug|Win32
		{4CB87B54-6812-4C2E-8BFC-424F1A908E98}.Debug|x86.Build.0 = Debug|Win32
		{4CB87B54-6812-4C2E-8BFC-424F1A908E98}.Release|x64.ActiveCfg = Release|x64
		{4CB87B54-6812-4C2E-8BFC-424F1A908E98}.Release|x64.Build.0 = Release|x64
		{4CB87B54-6812-4C2E-8BFC-424F1A908E98}.Release|x86.ActiveCfg = Release|Win32
		{4CB87B54-6812-4C2E-8BFC-424F1A908E98}.Release|x86.Build.0 = Release|Win32
	EndGlobalSection
	GlobalSection(SolutionProperties) = preSolution
		HideSolutionNode = FALSE
	EndGlobalSection
	GlobalSection(ExtensibilityGlobals) = postSolution
		SolutionGuid = {5B3EB276-C2B3-49D0-ACD2-848E4F20AF93}
	EndGlobalSection
EndGlobal
