
Microsoft Visual Studio Solution File, Format Version 12.00
# Visual Studio Version 16
VisualStudioVersion = 16.0.29519.87
MinimumVisualStudioVersion = 10.0.40219.1
Project("{FAE04EC0-301F-11D3-BF4B-00C04F79EFBC}") = "ArkadiuszCarzynskiLab2", "ArkadiuszCarzynskiLab2\ArkadiuszCarzynskiLab2.csproj", "{495BF8D5-2653-446C-859C-B5BA73D589EF}"
EndProject
Global
	GlobalSection(SolutionConfigurationPlatforms) = preSolution
		Debug|Any CPU = Debug|Any CPU
		Release|Any CPU = Release|Any CPU
	EndGlobalSection
	GlobalSection(ProjectConfigurationPlatforms) = postSolution
		{495BF8D5-2653-446C-859C-B5BA73D589EF}.Debug|Any CPU.ActiveCfg = Debug|Any CPU
		{495BF8D5-2653-446C-859C-B5BA73D589EF}.Debug|Any CPU.Build.0 = Debug|Any CPU
		{495BF8D5-2653-446C-859C-B5BA73D589EF}.Release|Any CPU.ActiveCfg = Release|Any CPU
		{495BF8D5-2653-446C-859C-B5BA73D589EF}.Release|Any CPU.Build.0 = Release|Any CPU
	EndGlobalSection
	GlobalSection(SolutionProperties) = preSolution
		HideSolutionNode = FALSE
	EndGlobalSection
	GlobalSection(ExtensibilityGlobals) = postSolution
		SolutionGuid = {2CB87603-73A2-40F6-A128-301BF06C0A43}
	EndGlobalSection
EndGlobal
