
Microsoft Visual Studio Solution File, Format Version 12.00
# Visual Studio Version 16
VisualStudioVersion = 16.0.29519.87
MinimumVisualStudioVersion = 10.0.40219.1
Project("{FAE04EC0-301F-11D3-BF4B-00C04F79EFBC}") = "ZadanieB4", "ZadanieB4\ZadanieB4.csproj", "{98D858A1-B959-4626-83FC-20778B808C26}"
EndProject
Global
	GlobalSection(SolutionConfigurationPlatforms) = preSolution
		Debug|Any CPU = Debug|Any CPU
		Release|Any CPU = Release|Any CPU
	EndGlobalSection
	GlobalSection(ProjectConfigurationPlatforms) = postSolution
		{98D858A1-B959-4626-83FC-20778B808C26}.Debug|Any CPU.ActiveCfg = Debug|Any CPU
		{98D858A1-B959-4626-83FC-20778B808C26}.Debug|Any CPU.Build.0 = Debug|Any CPU
		{98D858A1-B959-4626-83FC-20778B808C26}.Release|Any CPU.ActiveCfg = Release|Any CPU
		{98D858A1-B959-4626-83FC-20778B808C26}.Release|Any CPU.Build.0 = Release|Any CPU
	EndGlobalSection
	GlobalSection(SolutionProperties) = preSolution
		HideSolutionNode = FALSE
	EndGlobalSection
	GlobalSection(ExtensibilityGlobals) = postSolution
		SolutionGuid = {96C3B63F-0B73-44FC-86BD-15F96250AEF5}
	EndGlobalSection
EndGlobal
