
Microsoft Visual Studio Solution File, Format Version 12.00
# Visual Studio Version 16
VisualStudioVersion = 16.0.29519.87
MinimumVisualStudioVersion = 10.0.40219.1
Project("{FAE04EC0-301F-11D3-BF4B-00C04F79EFBC}") = "ArkadiuszCarzynskiLab7Zadanie", "ArkadiuszCarzynskiLab7Zadanie\ArkadiuszCarzynskiLab7Zadanie.csproj", "{7F1A4EBE-9ACE-4CF1-98D0-2DA7234827EF}"
EndProject
Global
	GlobalSection(SolutionConfigurationPlatforms) = preSolution
		Debug|Any CPU = Debug|Any CPU
		Release|Any CPU = Release|Any CPU
	EndGlobalSection
	GlobalSection(ProjectConfigurationPlatforms) = postSolution
		{7F1A4EBE-9ACE-4CF1-98D0-2DA7234827EF}.Debug|Any CPU.ActiveCfg = Debug|Any CPU
		{7F1A4EBE-9ACE-4CF1-98D0-2DA7234827EF}.Debug|Any CPU.Build.0 = Debug|Any CPU
		{7F1A4EBE-9ACE-4CF1-98D0-2DA7234827EF}.Release|Any CPU.ActiveCfg = Release|Any CPU
		{7F1A4EBE-9ACE-4CF1-98D0-2DA7234827EF}.Release|Any CPU.Build.0 = Release|Any CPU
	EndGlobalSection
	GlobalSection(SolutionProperties) = preSolution
		HideSolutionNode = FALSE
	EndGlobalSection
	GlobalSection(ExtensibilityGlobals) = postSolution
		SolutionGuid = {5E61F5D9-0F42-49BF-9AE2-11D0FF1D037F}
	EndGlobalSection
EndGlobal
